
Microsoft Visual Studio Solution File, Format Version 12.00
# Visual Studio Version 16
VisualStudioVersion = 16.0.29609.76
MinimumVisualStudioVersion = 10.0.40219.1
Project("{FAE04EC0-301F-11D3-BF4B-00C04F79EFBC}") = "NazdarSvete", "NazdarSvete\NazdarSvete.csproj", "{CBE7BDDE-B84E-47F3-AEEE-DA8A2EEFFB88}"
EndProject
Global
	GlobalSection(SolutionConfigurationPlatforms) = preSolution
		Debug|Any CPU = Debug|Any CPU
		Release|Any CPU = Release|Any CPU
	EndGlobalSection
	GlobalSection(ProjectConfigurationPlatforms) = postSolution
		{CBE7BDDE-B84E-47F3-AEEE-DA8A2EEFFB88}.Debug|Any CPU.ActiveCfg = Debug|Any CPU
		{CBE7BDDE-B84E-47F3-AEEE-DA8A2EEFFB88}.Debug|Any CPU.Build.0 = Debug|Any CPU
		{CBE7BDDE-B84E-47F3-AEEE-DA8A2EEFFB88}.Release|Any CPU.ActiveCfg = Release|Any CPU
		{CBE7BDDE-B84E-47F3-AEEE-DA8A2EEFFB88}.Release|Any CPU.Build.0 = Release|Any CPU
	EndGlobalSection
	GlobalSection(SolutionProperties) = preSolution
		HideSolutionNode = FALSE
	EndGlobalSection
	GlobalSection(ExtensibilityGlobals) = postSolution
		SolutionGuid = {A121E726-397A-4580-98A9-9C6930717109}
	EndGlobalSection
EndGlobal
